
Microsoft Visual Studio Solution File, Format Version 12.00
# Visual Studio Version 17
VisualStudioVersion = 17.1.32421.90
MinimumVisualStudioVersion = 10.0.40219.1
Project("{9A19103F-16F7-4668-BE54-9A1E7A4F7556}") = "1208", "1208\1208.csproj", "{4CF54DF5-47FF-4689-B60B-3F35EE01133E}"
EndProject
Global
	GlobalSection(SolutionConfigurationPlatforms) = preSolution
		Debug|Any CPU = Debug|Any CPU
		Release|Any CPU = Release|Any CPU
	EndGlobalSection
	GlobalSection(ProjectConfigurationPlatforms) = postSolution
		{4CF54DF5-47FF-4689-B60B-3F35EE01133E}.Debug|Any CPU.ActiveCfg = Debug|Any CPU
		{4CF54DF5-47FF-4689-B60B-3F35EE01133E}.Debug|Any CPU.Build.0 = Debug|Any CPU
		{4CF54DF5-47FF-4689-B60B-3F35EE01133E}.Release|Any CPU.ActiveCfg = Release|Any CPU
		{4CF54DF5-47FF-4689-B60B-3F35EE01133E}.Release|Any CPU.Build.0 = Release|Any CPU
	EndGlobalSection
	GlobalSection(SolutionProperties) = preSolution
		HideSolutionNode = FALSE
	EndGlobalSection
	GlobalSection(ExtensibilityGlobals) = postSolution
		SolutionGuid = {3298B6C9-52C8-4E0C-A760-EB1E5CA4CC69}
	EndGlobalSection
EndGlobal
